
Microsoft Visual Studio Solution File, Format Version 12.00
# Visual Studio Version 16
VisualStudioVersion = 16.0.28803.352
MinimumVisualStudioVersion = 10.0.40219.1
Project("{2150E333-8FDC-42A3-9474-1A3956D46DE8}") = "Docs", "Docs", "{DAB16DEC-AF31-4B59-8DD5-5C76C1A23052}"
	ProjectSection(SolutionItems) = preProject
		CODE_OF_CONDUCT.md = CODE_OF_CONDUCT.md
		CONTRIBUTING.md = CONTRIBUTING.md
		LICENSE = LICENSE
		README.md = README.md
	EndProjectSection
EndProject
Project("{2150E333-8FDC-42A3-9474-1A3956D46DE8}") = "Configs", "Configs", "{F3AC2246-318B-4EE4-BD9E-D751D3044901}"
	ProjectSection(SolutionItems) = preProject
		.editorconfig = .editorconfig
		.gitignore = .gitignore
		.travis.yml = .travis.yml
		stylecop.json = stylecop.json
		stylecop.ruleset = stylecop.ruleset
	EndProjectSection
EndProject
Project("{9A19103F-16F7-4668-BE54-9A1E7A4F7556}") = "Algorithms", "Algorithms\Algorithms.csproj", "{EC967159-73D8-4E44-8455-E2D16DB4CBBB}"
EndProject
Project("{9A19103F-16F7-4668-BE54-9A1E7A4F7556}") = "Algorithms.Tests", "Algorithms.Tests\Algorithms.Tests.csproj", "{56817595-1552-409B-93B8-F8082F8490A5}"
EndProject
Project("{9A19103F-16F7-4668-BE54-9A1E7A4F7556}") = "DataStructures", "DataStructures\DataStructures.csproj", "{E9C27C73-1F95-4C6E-9DB4-F8585426A850}"
EndProject
Project("{9A19103F-16F7-4668-BE54-9A1E7A4F7556}") = "DataStructures.Tests", "DataStructures.Tests\DataStructures.Tests.csproj", "{39174100-3A6E-45B2-9AA9-7C69764C0750}"
EndProject
Project("{9A19103F-16F7-4668-BE54-9A1E7A4F7556}") = "Utilities", "Utilities\Utilities.csproj", "{3A41157D-296D-4BFC-A34E-91B5ED7F0905}"
EndProject
Global
	GlobalSection(SolutionConfigurationPlatforms) = preSolution
		Debug|Any CPU = Debug|Any CPU
		Release|Any CPU = Release|Any CPU
	EndGlobalSection
	GlobalSection(ProjectConfigurationPlatforms) = postSolution
		{EC967159-73D8-4E44-8455-E2D16DB4CBBB}.Debug|Any CPU.ActiveCfg = Debug|Any CPU
		{EC967159-73D8-4E44-8455-E2D16DB4CBBB}.Debug|Any CPU.Build.0 = Debug|Any CPU
		{EC967159-73D8-4E44-8455-E2D16DB4CBBB}.Release|Any CPU.ActiveCfg = Release|Any CPU
		{EC967159-73D8-4E44-8455-E2D16DB4CBBB}.Release|Any CPU.Build.0 = Release|Any CPU
		{E9C27C73-1F95-4C6E-9DB4-F8585426A850}.Debug|Any CPU.ActiveCfg = Debug|Any CPU
		{E9C27C73-1F95-4C6E-9DB4-F8585426A850}.Debug|Any CPU.Build.0 = Debug|Any CPU
		{E9C27C73-1F95-4C6E-9DB4-F8585426A850}.Release|Any CPU.ActiveCfg = Release|Any CPU
		{E9C27C73-1F95-4C6E-9DB4-F8585426A850}.Release|Any CPU.Build.0 = Release|Any CPU
		{56817595-1552-409B-93B8-F8082F8490A5}.Debug|Any CPU.ActiveCfg = Debug|Any CPU
		{56817595-1552-409B-93B8-F8082F8490A5}.Debug|Any CPU.Build.0 = Debug|Any CPU
		{56817595-1552-409B-93B8-F8082F8490A5}.Release|Any CPU.ActiveCfg = Release|Any CPU
		{56817595-1552-409B-93B8-F8082F8490A5}.Release|Any CPU.Build.0 = Release|Any CPU
		{39174100-3A6E-45B2-9AA9-7C69764C0750}.Debug|Any CPU.ActiveCfg = Debug|Any CPU
		{39174100-3A6E-45B2-9AA9-7C69764C0750}.Debug|Any CPU.Build.0 = Debug|Any CPU
		{39174100-3A6E-45B2-9AA9-7C69764C0750}.Release|Any CPU.ActiveCfg = Release|Any CPU
		{39174100-3A6E-45B2-9AA9-7C69764C0750}.Release|Any CPU.Build.0 = Release|Any CPU
		{3A41157D-296D-4BFC-A34E-91B5ED7F0905}.Debug|Any CPU.ActiveCfg = Debug|Any CPU
		{3A41157D-296D-4BFC-A34E-91B5ED7F0905}.Debug|Any CPU.Build.0 = Debug|Any CPU
		{3A41157D-296D-4BFC-A34E-91B5ED7F0905}.Release|Any CPU.ActiveCfg = Release|Any CPU
		{3A41157D-296D-4BFC-A34E-91B5ED7F0905}.Release|Any CPU.Build.0 = Release|Any CPU
	EndGlobalSection
	GlobalSection(SolutionProperties) = preSolution
		HideSolutionNode = FALSE
	EndGlobalSection
	GlobalSection(ExtensibilityGlobals) = postSolution
		SolutionGuid = {9D733AD8-7C69-4F40-ADBB-2DD8EA9F18FB}
	EndGlobalSection
EndGlobal
