
Microsoft Visual Studio Solution File, Format Version 12.00
# Visual Studio 15
VisualStudioVersion = 15.0.28307.539
MinimumVisualStudioVersion = 10.0.40219.1
Project("{FAE04EC0-301F-11D3-BF4B-00C04F79EFBC}") = "LinkedList", "LinkedList\LinkedList.csproj", "{715CA93D-9B53-4EA2-B6CE-EAA84D0C443E}"
EndProject
Global
	GlobalSection(SolutionConfigurationPlatforms) = preSolution
		Debug|Any CPU = Debug|Any CPU
		Release|Any CPU = Release|Any CPU
	EndGlobalSection
	GlobalSection(ProjectConfigurationPlatforms) = postSolution
		{715CA93D-9B53-4EA2-B6CE-EAA84D0C443E}.Debug|Any CPU.ActiveCfg = Debug|Any CPU
		{715CA93D-9B53-4EA2-B6CE-EAA84D0C443E}.Debug|Any CPU.Build.0 = Debug|Any CPU
		{715CA93D-9B53-4EA2-B6CE-EAA84D0C443E}.Release|Any CPU.ActiveCfg = Release|Any CPU
		{715CA93D-9B53-4EA2-B6CE-EAA84D0C443E}.Release|Any CPU.Build.0 = Release|Any CPU
	EndGlobalSection
	GlobalSection(SolutionProperties) = preSolution
		HideSolutionNode = FALSE
	EndGlobalSection
	GlobalSection(ExtensibilityGlobals) = postSolution
		SolutionGuid = {75D7B4A6-8E42-4DBD-802F-AEC37FD6D40A}
	EndGlobalSection
EndGlobal
